Microsoft Visual Studio Solution File, Format Version 9.00
# Visual Studio 2005
Project("{F184B08F-C81C-45F6-A57F-5ABD9991F28F}") = "CustomGrouping", "CustomGrouping.vbproj", "{A391F2F2-8029-4262-B194-5FDDE9F30708}"
EndProject
Global
	GlobalSection(SolutionConfigurationPlatforms) = preSolution
		Debug|Any CPU = Debug|Any CPU
		Release|Any CPU = Release|Any CPU
	EndGlobalSection
	GlobalSection(ProjectConfigurationPlatforms) = postSolution
		{A391F2F2-8029-4262-B194-5FDDE9F30708}.Debug|Any CPU.ActiveCfg = Debug|Any CPU
		{A391F2F2-8029-4262-B194-5FDDE9F30708}.Debug|Any CPU.Build.0 = Debug|Any CPU
		{A391F2F2-8029-4262-B194-5FDDE9F30708}.Release|Any CPU.ActiveCfg = Release|Any CPU
		{A391F2F2-8029-4262-B194-5FDDE9F30708}.Release|Any CPU.Build.0 = Release|Any CPU
	EndGlobalSection
	GlobalSection(SolutionProperties) = preSolution
		HideSolutionNode = FALSE
	EndGlobalSection
EndGlobal
